// !$*UTF8*$!
{
	archiveVersion = 1;
	classes = {
	};
	objectVersion = 56;
	objects = {

/* Begin PBXBuildFile section */
		76DFD6A62A44DFDD00BBF4EA /* AppDelegate.swift in Sources */ = {isa = PBXBuildFile; fileRef = 76DFD6A52A44DFDD00BBF4EA /* AppDelegate.swift */; };
		76DFD6A82A44DFDD00BBF4EA /* SceneDelegate.swift in Sources */ = {isa = PBXBuildFile; fileRef = 76DFD6A72A44DFDD00BBF4EA /* SceneDelegate.swift */; };
		76DFD6AA2A44DFDD00BBF4EA /* ViewController.swift in Sources */ = {isa = PBXBuildFile; fileRef = 76DFD6A92A44DFDD00BBF4EA /* ViewController.swift */; };
		76DFD6AF2A44DFE000BBF4EA /* Assets.xcassets in Resources */ = {isa = PBXBuildFile; fileRef = 76DFD6AE2A44DFE000BBF4EA /* Assets.xcassets */; };
		76DFD6B22A44DFE000BBF4EA /* LaunchScreen.storyboard in Resources */ = {isa = PBXBuildFile; fileRef = 76DFD6B02A44DFE000BBF4EA /* LaunchScreen.storyboard */; };
		76DFD6BF2A47764700BBF4EA /* TabBar.swift in Sources */ = {isa = PBXBuildFile; fileRef = 76DFD6BE2A47764700BBF4EA /* TabBar.swift */; };
		76DFD6C22A4776D800BBF4EA /* ProductModel.swift in Sources */ = {isa = PBXBuildFile; fileRef = 76DFD6C12A4776D800BBF4EA /* ProductModel.swift */; };
		76DFD6C62A47786A00BBF4EA /* ItmeBarButton.swift in Sources */ = {isa = PBXBuildFile; fileRef = 76DFD6C52A47786A00BBF4EA /* ItmeBarButton.swift */; };
		76DFD6C82A4778A600BBF4EA /* HeaderView.swift in Sources */ = {isa = PBXBuildFile; fileRef = 76DFD6C72A4778A600BBF4EA /* HeaderView.swift */; };
		76DFD6CA2A4778C800BBF4EA /* MenuView.swift in Sources */ = {isa = PBXBuildFile; fileRef = 76DFD6C92A4778C800BBF4EA /* MenuView.swift */; };
		76DFD6CC2A47F82A00BBF4EA /* SizeModel.swift in Sources */ = {isa = PBXBuildFile; fileRef = 76DFD6CB2A47F82A00BBF4EA /* SizeModel.swift */; };
		76DFD6CE2A47F85A00BBF4EA /* ImageModel.swift in Sources */ = {isa = PBXBuildFile; fileRef = 76DFD6CD2A47F85A00BBF4EA /* ImageModel.swift */; };
		76DFD6D02A47F88000BBF4EA /* ListSections.swift in Sources */ = {isa = PBXBuildFile; fileRef = 76DFD6CF2A47F88000BBF4EA /* ListSections.swift */; };
		76DFD6D42A47FA3D00BBF4EA /* NetworkServices.swift in Sources */ = {isa = PBXBuildFile; fileRef = 76DFD6D32A47FA3D00BBF4EA /* NetworkServices.swift */; };
		76DFD6D72A47FA5E00BBF4EA /* MenuPresenter.swift in Sources */ = {isa = PBXBuildFile; fileRef = 76DFD6D52A47FA5E00BBF4EA /* MenuPresenter.swift */; };
		76DFD6D82A47FA5E00BBF4EA /* MenuInteractor.swift in Sources */ = {isa = PBXBuildFile; fileRef = 76DFD6D62A47FA5E00BBF4EA /* MenuInteractor.swift */; };
		76DFD6DC2A47FA8000BBF4EA /* MenuAdsCollectionCell.swift in Sources */ = {isa = PBXBuildFile; fileRef = 76DFD6D92A47FA8000BBF4EA /* MenuAdsCollectionCell.swift */; };
		76DFD6DD2A47FA8000BBF4EA /* MenuTableCell.swift in Sources */ = {isa = PBXBuildFile; fileRef = 76DFD6DA2A47FA8000BBF4EA /* MenuTableCell.swift */; };
		76DFD6DE2A47FA8000BBF4EA /* MenuCategoryCollectionCell.swift in Sources */ = {isa = PBXBuildFile; fileRef = 76DFD6DB2A47FA8000BBF4EA /* MenuCategoryCollectionCell.swift */; };
		76DFD6E02A47FB6300BBF4EA /* PriceView.swift in Sources */ = {isa = PBXBuildFile; fileRef = 76DFD6DF2A47FB6300BBF4EA /* PriceView.swift */; };
		76DFD6E42A47FBFF00BBF4EA /* FoodMenuSettings.swift in Sources */ = {isa = PBXBuildFile; fileRef = 76DFD6E32A47FBFF00BBF4EA /* FoodMenuSettings.swift */; };
/* End PBXBuildFile section */

/* Begin PBXFileReference section */
		76DFD6A22A44DFDD00BBF4EA /* MarketAppForSend.app */ = {isa = PBXFileReference; explicitFileType = wrapper.application; includeInIndex = 0; path = MarketAppForSend.app; sourceTree = BUILT_PRODUCTS_DIR; };
		76DFD6A52A44DFDD00BBF4EA /* AppDelegate.swift */ = {isa = PBXFileReference; lastKnownFileType = sourcecode.swift; path = AppDelegate.swift; sourceTree = "<group>"; };
		76DFD6A72A44DFDD00BBF4EA /* SceneDelegate.swift */ = {isa = PBXFileReference; lastKnownFileType = sourcecode.swift; path = SceneDelegate.swift; sourceTree = "<group>"; };
		76DFD6A92A44DFDD00BBF4EA /* ViewController.swift */ = {isa = PBXFileReference; lastKnownFileType = sourcecode.swift; path = ViewController.swift; sourceTree = "<group>"; };
		76DFD6AE2A44DFE000BBF4EA /* Assets.xcassets */ = {isa = PBXFileReference; lastKnownFileType = folder.assetcatalog; path = Assets.xcassets; sourceTree = "<group>"; };
		76DFD6B12A44DFE000BBF4EA /* Base */ = {isa = PBXFileReference; lastKnownFileType = file.storyboard; name = Base; path = Base.lproj/LaunchScreen.storyboard; sourceTree = "<group>"; };
		76DFD6B32A44DFE000BBF4EA /* Info.plist */ = {isa = PBXFileReference; lastKnownFileType = text.plist.xml; path = Info.plist; sourceTree = "<group>"; };
		76DFD6BE2A47764700BBF4EA /* TabBar.swift */ = {isa = PBXFileReference; lastKnownFileType = sourcecode.swift; path = TabBar.swift; sourceTree = "<group>"; };
		76DFD6C12A4776D800BBF4EA /* ProductModel.swift */ = {isa = PBXFileReference; lastKnownFileType = sourcecode.swift; path = ProductModel.swift; sourceTree = "<group>"; };
		76DFD6C52A47786A00BBF4EA /* ItmeBarButton.swift */ = {isa = PBXFileReference; lastKnownFileType = sourcecode.swift; path = ItmeBarButton.swift; sourceTree = "<group>"; };
		76DFD6C72A4778A600BBF4EA /* HeaderView.swift */ = {isa = PBXFileReference; lastKnownFileType = sourcecode.swift; path = HeaderView.swift; sourceTree = "<group>"; };
		76DFD6C92A4778C800BBF4EA /* MenuView.swift */ = {isa = PBXFileReference; lastKnownFileType = sourcecode.swift; path = MenuView.swift; sourceTree = "<group>"; };
		76DFD6CB2A47F82A00BBF4EA /* SizeModel.swift */ = {isa = PBXFileReference; lastKnownFileType = sourcecode.swift; path = SizeModel.swift; sourceTree = "<group>"; };
		76DFD6CD2A47F85A00BBF4EA /* ImageModel.swift */ = {isa = PBXFileReference; lastKnownFileType = sourcecode.swift; path = ImageModel.swift; sourceTree = "<group>"; };
		76DFD6CF2A47F88000BBF4EA /* ListSections.swift */ = {isa = PBXFileReference; lastKnownFileType = sourcecode.swift; path = ListSections.swift; sourceTree = "<group>"; };
		76DFD6D32A47FA3D00BBF4EA /* NetworkServices.swift */ = {isa = PBXFileReference; lastKnownFileType = sourcecode.swift; path = NetworkServices.swift; sourceTree = "<group>"; };
		76DFD6D52A47FA5E00BBF4EA /* MenuPresenter.swift */ = {isa = PBXFileReference; fileEncoding = 4; lastKnownFileType = sourcecode.swift; path = MenuPresenter.swift; sourceTree = "<group>"; };
		76DFD6D62A47FA5E00BBF4EA /* MenuInteractor.swift */ = {isa = PBXFileReference; fileEncoding = 4; lastKnownFileType = sourcecode.swift; path = MenuInteractor.swift; sourceTree = "<group>"; };
		76DFD6D92A47FA8000BBF4EA /* MenuAdsCollectionCell.swift */ = {isa = PBXFileReference; fileEncoding = 4; lastKnownFileType = sourcecode.swift; path = MenuAdsCollectionCell.swift; sourceTree = "<group>"; };
		76DFD6DA2A47FA8000BBF4EA /* MenuTableCell.swift */ = {isa = PBXFileReference; fileEncoding = 4; lastKnownFileType = sourcecode.swift; path = MenuTableCell.swift; sourceTree = "<group>"; };
		76DFD6DB2A47FA8000BBF4EA /* MenuCategoryCollectionCell.swift */ = {isa = PBXFileReference; fileEncoding = 4; lastKnownFileType = sourcecode.swift; path = MenuCategoryCollectionCell.swift; sourceTree = "<group>"; };
		76DFD6DF2A47FB6300BBF4EA /* PriceView.swift */ = {isa = PBXFileReference; fileEncoding = 4; lastKnownFileType = sourcecode.swift; path = PriceView.swift; sourceTree = "<group>"; };
		76DFD6E32A47FBFF00BBF4EA /* FoodMenuSettings.swift */ = {isa = PBXFileReference; lastKnownFileType = sourcecode.swift; path = FoodMenuSettings.swift; sourceTree = "<group>"; };
/* End PBXFileReference section */

/* Begin PBXFrameworksBuildPhase section */
		76DFD69F2A44DFDD00BBF4EA /* Frameworks */ = {
			isa = PBXFrameworksBuildPhase;
			buildActionMask = 2147483647;
			files = (
			);
			runOnlyForDeploymentPostprocessing = 0;
		};
/* End PBXFrameworksBuildPhase section */

/* Begin PBXGroup section */
		76DFD6992A44DFDD00BBF4EA = {
			isa = PBXGroup;
			children = (
				76DFD6A42A44DFDD00BBF4EA /* MarketAppForSend */,
				76DFD6A32A44DFDD00BBF4EA /* Products */,
			);
			sourceTree = "<group>";
		};
		76DFD6A32A44DFDD00BBF4EA /* Products */ = {
			isa = PBXGroup;
			children = (
				76DFD6A22A44DFDD00BBF4EA /* MarketAppForSend.app */,
			);
			name = Products;
			sourceTree = "<group>";
		};
		76DFD6A42A44DFDD00BBF4EA /* MarketAppForSend */ = {
			isa = PBXGroup;
			children = (
				76DFD6D22A47FA2C00BBF4EA /* Network */,
				76DFD6BB2A47762100BBF4EA /* Controller */,
				76DFD6BA2A47761B00BBF4EA /* Model */,
				76DFD6B92A47761200BBF4EA /* View */,
				76DFD6A52A44DFDD00BBF4EA /* AppDelegate.swift */,
				76DFD6A72A44DFDD00BBF4EA /* SceneDelegate.swift */,
				76DFD6A92A44DFDD00BBF4EA /* ViewController.swift */,
				76DFD6AE2A44DFE000BBF4EA /* Assets.xcassets */,
				76DFD6B02A44DFE000BBF4EA /* LaunchScreen.storyboard */,
				76DFD6B32A44DFE000BBF4EA /* Info.plist */,
			);
			path = MarketAppForSend;
			sourceTree = "<group>";
		};
		76DFD6B92A47761200BBF4EA /* View */ = {
			isa = PBXGroup;
			children = (
				76DFD6D12A47F8B300BBF4EA /* Cell */,
				76DFD6C32A47784100BBF4EA /* MainPageView */,
				76DFD6BD2A47763700BBF4EA /* TabBar */,
			);
			path = View;
			sourceTree = "<group>";
		};
		76DFD6BA2A47761B00BBF4EA /* Model */ = {
			isa = PBXGroup;
			children = (
				76DFD6E32A47FBFF00BBF4EA /* FoodMenuSettings.swift */,
				76DFD6C12A4776D800BBF4EA /* ProductModel.swift */,
				76DFD6CB2A47F82A00BBF4EA /* SizeModel.swift */,
				76DFD6CD2A47F85A00BBF4EA /* ImageModel.swift */,
				76DFD6CF2A47F88000BBF4EA /* ListSections.swift */,
			);
			path = Model;
			sourceTree = "<group>";
		};
		76DFD6BB2A47762100BBF4EA /* Controller */ = {
			isa = PBXGroup;
			children = (
			);
			path = Controller;
			sourceTree = "<group>";
		};
		76DFD6BD2A47763700BBF4EA /* TabBar */ = {
			isa = PBXGroup;
			children = (
				76DFD6BE2A47764700BBF4EA /* TabBar.swift */,
			);
			path = TabBar;
			sourceTree = "<group>";
		};
		76DFD6C32A47784100BBF4EA /* MainPageView */ = {
			isa = PBXGroup;
			children = (
				76DFD6C52A47786A00BBF4EA /* ItmeBarButton.swift */,
				76DFD6C72A4778A600BBF4EA /* HeaderView.swift */,
				76DFD6C92A4778C800BBF4EA /* MenuView.swift */,
				76DFD6DF2A47FB6300BBF4EA /* PriceView.swift */,
			);
			path = MainPageView;
			sourceTree = "<group>";
		};
		76DFD6D12A47F8B300BBF4EA /* Cell */ = {
			isa = PBXGroup;
			children = (
				76DFD6D92A47FA8000BBF4EA /* MenuAdsCollectionCell.swift */,
				76DFD6DB2A47FA8000BBF4EA /* MenuCategoryCollectionCell.swift */,
				76DFD6DA2A47FA8000BBF4EA /* MenuTableCell.swift */,
			);
			path = Cell;
			sourceTree = "<group>";
		};
		76DFD6D22A47FA2C00BBF4EA /* Network */ = {
			isa = PBXGroup;
			children = (
				76DFD6D32A47FA3D00BBF4EA /* NetworkServices.swift */,
				76DFD6D62A47FA5E00BBF4EA /* MenuInteractor.swift */,
				76DFD6D52A47FA5E00BBF4EA /* MenuPresenter.swift */,
			);
			path = Network;
			sourceTree = "<group>";
		};
/* End PBXGroup section */

/* Begin PBXNativeTarget section */
		76DFD6A12A44DFDD00BBF4EA /* MarketAppForSend */ = {
			isa = PBXNativeTarget;
			buildConfigurationList = 76DFD6B62A44DFE000BBF4EA /* Build configuration list for PBXNativeTarget "MarketAppForSend" */;
			buildPhases = (
				76DFD69E2A44DFDD00BBF4EA /* Sources */,
				76DFD69F2A44DFDD00BBF4EA /* Frameworks */,
				76DFD6A02A44DFDD00BBF4EA /* Resources */,
			);
			buildRules = (
			);
			dependencies = (
			);
			name = MarketAppForSend;
			productName = MarketAppForSend;
			productReference = 76DFD6A22A44DFDD00BBF4EA /* MarketAppForSend.app */;
			productType = "com.apple.product-type.application";
		};
/* End PBXNativeTarget section */

/* Begin PBXProject section */
		76DFD69A2A44DFDD00BBF4EA /* Project object */ = {
			isa = PBXProject;
			attributes = {
				BuildIndependentTargetsInParallel = 1;
				LastSwiftUpdateCheck = 1430;
				LastUpgradeCheck = 1430;
				TargetAttributes = {
					76DFD6A12A44DFDD00BBF4EA = {
						CreatedOnToolsVersion = 14.3.1;
					};
				};
			};
			buildConfigurationList = 76DFD69D2A44DFDD00BBF4EA /* Build configuration list for PBXProject "MarketAppForSend" */;
			compatibilityVersion = "Xcode 14.0";
			developmentRegion = en;
			hasScannedForEncodings = 0;
			knownRegions = (
				en,
				Base,
			);
			mainGroup = 76DFD6992A44DFDD00BBF4EA;
			productRefGroup = 76DFD6A32A44DFDD00BBF4EA /* Products */;
			projectDirPath = "";
			projectRoot = "";
			targets = (
				76DFD6A12A44DFDD00BBF4EA /* MarketAppForSend */,
			);
		};
/* End PBXProject section */

/* Begin PBXResourcesBuildPhase section */
		76DFD6A02A44DFDD00BBF4EA /* Resources */ = {
			isa = PBXResourcesBuildPhase;
			buildActionMask = 2147483647;
			files = (
				76DFD6B22A44DFE000BBF4EA /* LaunchScreen.storyboard in Resources */,
				76DFD6AF2A44DFE000BBF4EA /* Assets.xcassets in Resources */,
			);
			runOnlyForDeploymentPostprocessing = 0;
		};
/* End PBXResourcesBuildPhase section */

/* Begin PBXSourcesBuildPhase section */
		76DFD69E2A44DFDD00BBF4EA /* Sources */ = {
			isa = PBXSourcesBuildPhase;
			buildActionMask = 2147483647;
			files = (
				76DFD6E42A47FBFF00BBF4EA /* FoodMenuSettings.swift in Sources */,
				76DFD6AA2A44DFDD00BBF4EA /* ViewController.swift in Sources */,
				76DFD6CE2A47F85A00BBF4EA /* ImageModel.swift in Sources */,
				76DFD6A62A44DFDD00BBF4EA /* AppDelegate.swift in Sources */,
				76DFD6C62A47786A00BBF4EA /* ItmeBarButton.swift in Sources */,
				76DFD6CC2A47F82A00BBF4EA /* SizeModel.swift in Sources */,
				76DFD6CA2A4778C800BBF4EA /* MenuView.swift in Sources */,
				76DFD6D42A47FA3D00BBF4EA /* NetworkServices.swift in Sources */,
				76DFD6DE2A47FA8000BBF4EA /* MenuCategoryCollectionCell.swift in Sources */,
				76DFD6D82A47FA5E00BBF4EA /* MenuInteractor.swift in Sources */,
				76DFD6A82A44DFDD00BBF4EA /* SceneDelegate.swift in Sources */,
				76DFD6BF2A47764700BBF4EA /* TabBar.swift in Sources */,
				76DFD6C22A4776D800BBF4EA /* ProductModel.swift in Sources */,
				76DFD6DD2A47FA8000BBF4EA /* MenuTableCell.swift in Sources */,
				76DFD6D02A47F88000BBF4EA /* ListSections.swift in Sources */,
				76DFD6E02A47FB6300BBF4EA /* PriceView.swift in Sources */,
				76DFD6D72A47FA5E00BBF4EA /* MenuPresenter.swift in Sources */,
				76DFD6C82A4778A600BBF4EA /* HeaderView.swift in Sources */,
				76DFD6DC2A47FA8000BBF4EA /* MenuAdsCollectionCell.swift in Sources */,
			);
			runOnlyForDeploymentPostprocessing = 0;
		};
/* End PBXSourcesBuildPhase section */

/* Begin PBXVariantGroup section */
		76DFD6B02A44DFE000BBF4EA /* LaunchScreen.storyboard */ = {
			isa = PBXVariantGroup;
			children = (
				76DFD6B12A44DFE000BBF4EA /* Base */,
			);
			name = LaunchScreen.storyboard;
			sourceTree = "<group>";
		};
/* End PBXVariantGroup section */

/* Begin XCBuildConfiguration section */
		76DFD6B42A44DFE000BBF4EA /* Debug */ = {
			isa = XCBuildConfiguration;
			buildSettings = {
				ALWAYS_SEARCH_USER_PATHS = NO;
				CLANG_ANALYZER_NONNULL = YES;
				CLANG_ANALYZER_NUMBER_OBJECT_CONVERSION = YES_AGGRESSIVE;
				CLANG_CXX_LANGUAGE_STANDARD = "gnu++20";
				CLANG_ENABLE_MODULES = YES;
				CLANG_ENABLE_OBJC_ARC = YES;
				CLANG_ENABLE_OBJC_WEAK = YES;
				CLANG_WARN_BLOCK_CAPTURE_AUTORELEASING = YES;
				CLANG_WARN_BOOL_CONVERSION = YES;
				CLANG_WARN_COMMA = YES;
				CLANG_WARN_CONSTANT_CONVERSION = YES;
				CLANG_WARN_DEPRECATED_OBJC_IMPLEMENTATIONS = YES;
				CLANG_WARN_DIRECT_OBJC_ISA_USAGE = YES_ERROR;
				CLANG_WARN_DOCUMENTATION_COMMENTS = YES;
				CLANG_WARN_EMPTY_BODY = YES;
				CLANG_WARN_ENUM_CONVERSION = YES;
				CLANG_WARN_INFINITE_RECURSION = YES;
				CLANG_WARN_INT_CONVERSION = YES;
				CLANG_WARN_NON_LITERAL_NULL_CONVERSION = YES;
				CLANG_WARN_OBJC_IMPLICIT_RETAIN_SELF = YES;
				CLANG_WARN_OBJC_LITERAL_CONVERSION = YES;
				CLANG_WARN_OBJC_ROOT_CLASS = YES_ERROR;
				CLANG_WARN_QUOTED_INCLUDE_IN_FRAMEWORK_HEADER = YES;
				CLANG_WARN_RANGE_LOOP_ANALYSIS = YES;
				CLANG_WARN_STRICT_PROTOTYPES = YES;
				CLANG_WARN_SUSPICIOUS_MOVE = YES;
				CLANG_WARN_UNGUARDED_AVAILABILITY = YES_AGGRESSIVE;
				CLANG_WARN_UNREACHABLE_CODE = YES;
				CLANG_WARN__DUPLICATE_METHOD_MATCH = YES;
				COPY_PHASE_STRIP = NO;
				DEBUG_INFORMATION_FORMAT = dwarf;
				ENABLE_STRICT_OBJC_MSGSEND = YES;
				ENABLE_TESTABILITY = YES;
				GCC_C_LANGUAGE_STANDARD = gnu11;
				GCC_DYNAMIC_NO_PIC = NO;
				GCC_NO_COMMON_BLOCKS = YES;
				GCC_OPTIMIZATION_LEVEL = 0;
				GCC_PREPROCESSOR_DEFINITIONS = (
					"DEBUG=1",
					"$(inherited)",
				);
				GCC_WARN_64_TO_32_BIT_CONVERSION = YES;
				GCC_WARN_ABOUT_RETURN_TYPE = YES_ERROR;
				GCC_WARN_UNDECLARED_SELECTOR = YES;
				GCC_WARN_UNINITIALIZED_AUTOS = YES_AGGRESSIVE;
				GCC_WARN_UNUSED_FUNCTION = YES;
				GCC_WARN_UNUSED_VARIABLE = YES;
				IPHONEOS_DEPLOYMENT_TARGET = 16.4;
				MTL_ENABLE_DEBUG_INFO = INCLUDE_SOURCE;
				MTL_FAST_MATH = YES;
				ONLY_ACTIVE_ARCH = YES;
				SDKROOT = iphoneos;
				SWIFT_ACTIVE_COMPILATION_CONDITIONS = DEBUG;
				SWIFT_OPTIMIZATION_LEVEL = "-Onone";
			};
			name = Debug;
		};
		76DFD6B52A44DFE000BBF4EA /* Release */ = {
			isa = XCBuildConfiguration;
			buildSettings = {
				ALWAYS_SEARCH_USER_PATHS = NO;
				CLANG_ANALYZER_NONNULL = YES;
				CLANG_ANALYZER_NUMBER_OBJECT_CONVERSION = YES_AGGRESSIVE;
				CLANG_CXX_LANGUAGE_STANDARD = "gnu++20";
				CLANG_ENABLE_MODULES = YES;
				CLANG_ENABLE_OBJC_ARC = YES;
				CLANG_ENABLE_OBJC_WEAK = YES;
				CLANG_WARN_BLOCK_CAPTURE_AUTORELEASING = YES;
				CLANG_WARN_BOOL_CONVERSION = YES;
				CLANG_WARN_COMMA = YES;
				CLANG_WARN_CONSTANT_CONVERSION = YES;
				CLANG_WARN_DEPRECATED_OBJC_IMPLEMENTATIONS = YES;
				CLANG_WARN_DIRECT_OBJC_ISA_USAGE = YES_ERROR;
				CLANG_WARN_DOCUMENTATION_COMMENTS = YES;
				CLANG_WARN_EMPTY_BODY = YES;
				CLANG_WARN_ENUM_CONVERSION = YES;
				CLANG_WARN_INFINITE_RECURSION = YES;
				CLANG_WARN_INT_CONVERSION = YES;
				CLANG_WARN_NON_LITERAL_NULL_CONVERSION = YES;
				CLANG_WARN_OBJC_IMPLICIT_RETAIN_SELF = YES;
				CLANG_WARN_OBJC_LITERAL_CONVERSION = YES;
				CLANG_WARN_OBJC_ROOT_CLASS = YES_ERROR;
				CLANG_WARN_QUOTED_INCLUDE_IN_FRAMEWORK_HEADER = YES;
				CLANG_WARN_RANGE_LOOP_ANALYSIS = YES;
				CLANG_WARN_STRICT_PROTOTYPES = YES;
				CLANG_WARN_SUSPICIOUS_MOVE = YES;
				CLANG_WARN_UNGUARDED_AVAILABILITY = YES_AGGRESSIVE;
				CLANG_WARN_UNREACHABLE_CODE = YES;
				CLANG_WARN__DUPLICATE_METHOD_MATCH = YES;
				COPY_PHASE_STRIP = NO;
				DEBUG_INFORMATION_FORMAT = "dwarf-with-dsym";
				ENABLE_NS_ASSERTIONS = NO;
				ENABLE_STRICT_OBJC_MSGSEND = YES;
				GCC_C_LANGUAGE_STANDARD = gnu11;
				GCC_NO_COMMON_BLOCKS = YES;
				GCC_WARN_64_TO_32_BIT_CONVERSION = YES;
				GCC_WARN_ABOUT_RETURN_TYPE = YES_ERROR;
				GCC_WARN_UNDECLARED_SELECTOR = YES;
				GCC_WARN_UNINITIALIZED_AUTOS = YES_AGGRESSIVE;
				GCC_WARN_UNUSED_FUNCTION = YES;
				GCC_WARN_UNUSED_VARIABLE = YES;
				IPHONEOS_DEPLOYMENT_TARGET = 16.4;
				MTL_ENABLE_DEBUG_INFO = NO;
				MTL_FAST_MATH = YES;
				SDKROOT = iphoneos;
				SWIFT_COMPILATION_MODE = wholemodule;
				SWIFT_OPTIMIZATION_LEVEL = "-O";
				VALIDATE_PRODUCT = YES;
			};
			name = Release;
		};
		76DFD6B72A44DFE000BBF4EA /* Debug */ = {
			isa = XCBuildConfiguration;
			buildSettings = {
				ASSETCATALOG_COMPILER_APPICON_NAME = AppIcon;
				ASSETCATALOG_COMPILER_GLOBAL_ACCENT_COLOR_NAME = AccentColor;
				CODE_SIGN_STYLE = Automatic;
				CURRENT_PROJECT_VERSION = 1;
				DEVELOPMENT_TEAM = 9S5AJR5C22;
				GENERATE_INFOPLIST_FILE = YES;
				INFOPLIST_FILE = MarketAppForSend/Info.plist;
				INFOPLIST_KEY_UIApplicationSupportsIndirectInputEvents = YES;
				INFOPLIST_KEY_UILaunchStoryboardName = LaunchScreen.storyboard;
				INFOPLIST_KEY_UISupportedInterfaceOrientations = "UIInterfaceOrientationLandscapeLeft UIInterfaceOrientationLandscapeRight UIInterfaceOrientationPortrait";
				INFOPLIST_KEY_UISupportedInterfaceOrientations_iPad = UIInterfaceOrientationPortrait;
				IPHONEOS_DEPLOYMENT_TARGET = 13.0;
				LD_RUNPATH_SEARCH_PATHS = (
					"$(inherited)",
					"@executable_path/Frameworks",
				);
				MARKETING_VERSION = 1.0;
				PRODUCT_BUNDLE_IDENTIFIER = rzamolotov.MarketAppForSend;
				PRODUCT_NAME = "$(TARGET_NAME)";
				SUPPORTED_PLATFORMS = "iphoneos iphonesimulator";
				SUPPORTS_MACCATALYST = NO;
				SUPPORTS_MAC_DESIGNED_FOR_IPHONE_IPAD = NO;
				SWIFT_EMIT_LOC_STRINGS = YES;
				SWIFT_VERSION = 5.0;
				TARGETED_DEVICE_FAMILY = 1;
			};
			name = Debug;
		};
		76DFD6B82A44DFE000BBF4EA /* Release */ = {
			isa = XCBuildConfiguration;
			buildSettings = {
				ASSETCATALOG_COMPILER_APPICON_NAME = AppIcon;
				ASSETCATALOG_COMPILER_GLOBAL_ACCENT_COLOR_NAME = AccentColor;
				CODE_SIGN_STYLE = Automatic;
				CURRENT_PROJECT_VERSION = 1;
				DEVELOPMENT_TEAM = 9S5AJR5C22;
				GENERATE_INFOPLIST_FILE = YES;
				INFOPLIST_FILE = MarketAppForSend/Info.plist;
				INFOPLIST_KEY_UIApplicationSupportsIndirectInputEvents = YES;
				INFOPLIST_KEY_UILaunchStoryboardName = LaunchScreen.storyboard;
				INFOPLIST_KEY_UISupportedInterfaceOrientations = "UIInterfaceOrientationLandscapeLeft UIInterfaceOrientationLandscapeRight UIInterfaceOrientationPortrait";
				INFOPLIST_KEY_UISupportedInterfaceOrientations_iPad = UIInterfaceOrientationPortrait;
				IPHONEOS_DEPLOYMENT_TARGET = 13.0;
				LD_RUNPATH_SEARCH_PATHS = (
					"$(inherited)",
					"@executable_path/Frameworks",
				);
				MARKETING_VERSION = 1.0;
				PRODUCT_BUNDLE_IDENTIFIER = rzamolotov.MarketAppForSend;
				PRODUCT_NAME = "$(TARGET_NAME)";
				SUPPORTED_PLATFORMS = "iphoneos iphonesimulator";
				SUPPORTS_MACCATALYST = NO;
				SUPPORTS_MAC_DESIGNED_FOR_IPHONE_IPAD = NO;
				SWIFT_EMIT_LOC_STRINGS = YES;
				SWIFT_VERSION = 5.0;
				TARGETED_DEVICE_FAMILY = 1;
			};
			name = Release;
		};
/* End XCBuildConfiguration section */

/* Begin XCConfigurationList section */
		76DFD69D2A44DFDD00BBF4EA /* Build configuration list for PBXProject "MarketAppForSend" */ = {
			isa = XCConfigurationList;
			buildConfigurations = (
				76DFD6B42A44DFE000BBF4EA /* Debug */,
				76DFD6B52A44DFE000BBF4EA /* Release */,
			);
			defaultConfigurationIsVisible = 0;
			defaultConfigurationName = Release;
		};
		76DFD6B62A44DFE000BBF4EA /* Build configuration list for PBXNativeTarget "MarketAppForSend" */ = {
			isa = XCConfigurationList;
			buildConfigurations = (
				76DFD6B72A44DFE000BBF4EA /* Debug */,
				76DFD6B82A44DFE000BBF4EA /* Release */,
			);
			defaultConfigurationIsVisible = 0;
			defaultConfigurationName = Release;
		};
/* End XCConfigurationList section */
	};
	rootObject = 76DFD69A2A44DFDD00BBF4EA /* Project object */;
}
